
Microsoft Visual Studio Solution File, Format Version 12.00
# Visual Studio Version 17
VisualStudioVersion = 17.12.35527.113 d17.12
MinimumVisualStudioVersion = 10.0.40219.1
Project("{FAE04EC0-301F-11D3-BF4B-00C04F79EFBC}") = "EuskalMoveApp", "EuskalMoveApp\EuskalMoveApp.csproj", "{8E636851-AD9B-44F0-BEE1-B3BBD4BB6491}"
EndProject
Project("{FAE04EC0-301F-11D3-BF4B-00C04F79EFBC}") = "EuskalMoveAppForm", "EuskalMoveAppForm\EuskalMoveAppForm.csproj", "{686F6B13-32EE-4EC9-A72F-95F43DDB1912}"
EndProject
Global
	GlobalSection(SolutionConfigurationPlatforms) = preSolution
		Debug|Any CPU = Debug|Any CPU
		Release|Any CPU = Release|Any CPU
	EndGlobalSection
	GlobalSection(ProjectConfigurationPlatforms) = postSolution
		{8E636851-AD9B-44F0-BEE1-B3BBD4BB6491}.Debug|Any CPU.ActiveCfg = Debug|Any CPU
		{8E636851-AD9B-44F0-BEE1-B3BBD4BB6491}.Debug|Any CPU.Build.0 = Debug|Any CPU
		{8E636851-AD9B-44F0-BEE1-B3BBD4BB6491}.Release|Any CPU.ActiveCfg = Release|Any CPU
		{8E636851-AD9B-44F0-BEE1-B3BBD4BB6491}.Release|Any CPU.Build.0 = Release|Any CPU
		{686F6B13-32EE-4EC9-A72F-95F43DDB1912}.Debug|Any CPU.ActiveCfg = Debug|Any CPU
		{686F6B13-32EE-4EC9-A72F-95F43DDB1912}.Debug|Any CPU.Build.0 = Debug|Any CPU
		{686F6B13-32EE-4EC9-A72F-95F43DDB1912}.Release|Any CPU.ActiveCfg = Release|Any CPU
		{686F6B13-32EE-4EC9-A72F-95F43DDB1912}.Release|Any CPU.Build.0 = Release|Any CPU
	EndGlobalSection
	GlobalSection(SolutionProperties) = preSolution
		HideSolutionNode = FALSE
	EndGlobalSection
EndGlobal
